
Microsoft Visual Studio Solution File, Format Version 12.00
# Visual Studio 15
VisualStudioVersion = 15.0.27703.2000
MinimumVisualStudioVersion = 10.0.40219.1
Project("{FAE04EC0-301F-11D3-BF4B-00C04F79EFBC}") = "XamlIslandApp", "XamlIslandApp\XamlIslandApp.csproj", "{102DF9E5-F215-4C85-B38E-15BFE31C0F4A}"
EndProject
Global
	GlobalSection(SolutionConfigurationPlatforms) = preSolution
		Debug|Any CPU = Debug|Any CPU
		Release|Any CPU = Release|Any CPU
	EndGlobalSection
	GlobalSection(ProjectConfigurationPlatforms) = postSolution
		{102DF9E5-F215-4C85-B38E-15BFE31C0F4A}.Debug|Any CPU.ActiveCfg = Debug|Any CPU
		{102DF9E5-F215-4C85-B38E-15BFE31C0F4A}.Debug|Any CPU.Build.0 = Debug|Any CPU
		{102DF9E5-F215-4C85-B38E-15BFE31C0F4A}.Release|Any CPU.ActiveCfg = Release|Any CPU
		{102DF9E5-F215-4C85-B38E-15BFE31C0F4A}.Release|Any CPU.Build.0 = Release|Any CPU
	EndGlobalSection
	GlobalSection(SolutionProperties) = preSolution
		HideSolutionNode = FALSE
	EndGlobalSection
	GlobalSection(ExtensibilityGlobals) = postSolution
		SolutionGuid = {F7CCAE36-443C-41BD-AFF1-FDD5B69A207C}
	EndGlobalSection
EndGlobal
